// !$*UTF8*$!
{
	archiveVersion = 1;
	classes = {
	};
	objectVersion = 56;
	objects = {

/* Begin PBXBuildFile section */
		0289E1672B964E3A0005C21E /* FilaProducto.swift in Sources */ = {isa = PBXBuildFile; fileRef = 0289E1662B964E3A0005C21E /* FilaProducto.swift */; };
		02D6347F2B9F862900E412C5 /* CuentaUsuario.swift in Sources */ = {isa = PBXBuildFile; fileRef = 02D6347E2B9F862900E412C5 /* CuentaUsuario.swift */; };
		02D634812B9F88AF00E412C5 /* CuentaVistaModelo.swift in Sources */ = {isa = PBXBuildFile; fileRef = 02D634802B9F88AF00E412C5 /* CuentaVistaModelo.swift */; };
		02D6B3022B8D293600A4D8CA /* NetworkManager.swift in Sources */ = {isa = PBXBuildFile; fileRef = 02D6B3012B8D293600A4D8CA /* NetworkManager.swift */; };
		02D6B3042B8D29EB00A4D8CA /* WEError.swift in Sources */ = {isa = PBXBuildFile; fileRef = 02D6B3032B8D29EB00A4D8CA /* WEError.swift */; };
		C2B27F182B89341100D0B58B /* OnlineShopApp.swift in Sources */ = {isa = PBXBuildFile; fileRef = C2B27F172B89341100D0B58B /* OnlineShopApp.swift */; };
		C2B27F1A2B89341100D0B58B /* ContentView.swift in Sources */ = {isa = PBXBuildFile; fileRef = C2B27F192B89341100D0B58B /* ContentView.swift */; };
		C2B27F1C2B89341200D0B58B /* Assets.xcassets in Resources */ = {isa = PBXBuildFile; fileRef = C2B27F1B2B89341200D0B58B /* Assets.xcassets */; };
		C2B27F1F2B89341200D0B58B /* Preview Assets.xcassets in Resources */ = {isa = PBXBuildFile; fileRef = C2B27F1E2B89341200D0B58B /* Preview Assets.xcassets */; };
		C2B27F292B89341200D0B58B /* OnlineShopTests.swift in Sources */ = {isa = PBXBuildFile; fileRef = C2B27F282B89341200D0B58B /* OnlineShopTests.swift */; };
		C2B27F332B89341300D0B58B /* OnlineShopUITests.swift in Sources */ = {isa = PBXBuildFile; fileRef = C2B27F322B89341300D0B58B /* OnlineShopUITests.swift */; };
		C2B27F352B89341300D0B58B /* OnlineShopUITestsLaunchTests.swift in Sources */ = {isa = PBXBuildFile; fileRef = C2B27F342B89341300D0B58B /* OnlineShopUITestsLaunchTests.swift */; };
		C2B27F452B8935A400D0B58B /* Producto.swift in Sources */ = {isa = PBXBuildFile; fileRef = C2B27F442B8935A400D0B58B /* Producto.swift */; };
		C2B27F4A2B89377F00D0B58B /* ProductosVistaModelo.swift in Sources */ = {isa = PBXBuildFile; fileRef = C2B27F492B89377E00D0B58B /* ProductosVistaModelo.swift */; };
		C2C833C82B9F81B700852B9A /* GoogleService-Info.plist in Resources */ = {isa = PBXBuildFile; fileRef = C2C833C72B9F81B700852B9A /* GoogleService-Info.plist */; };
		C2F37C1B2B96460500CAB6D0 /* CasaCompraVenta.swift in Sources */ = {isa = PBXBuildFile; fileRef = C2F37C1A2B96460500CAB6D0 /* CasaCompraVenta.swift */; };
		C2F37C1D2B96464600CAB6D0 /* VistaCuenta.swift in Sources */ = {isa = PBXBuildFile; fileRef = C2F37C1C2B96464600CAB6D0 /* VistaCuenta.swift */; };
		C2F37C1F2B96469A00CAB6D0 /* CarritoCompra.swift in Sources */ = {isa = PBXBuildFile; fileRef = C2F37C1E2B96469900CAB6D0 /* CarritoCompra.swift */; };
/* End PBXBuildFile section */

/* Begin PBXContainerItemProxy section */
		C2B27F252B89341200D0B58B /* PBXContainerItemProxy */ = {
			isa = PBXContainerItemProxy;
			containerPortal = C2B27F0C2B89341000D0B58B /* Project object */;
			proxyType = 1;
			remoteGlobalIDString = C2B27F132B89341100D0B58B;
			remoteInfo = OnlineShop;
		};
		C2B27F2F2B89341300D0B58B /* PBXContainerItemProxy */ = {
			isa = PBXContainerItemProxy;
			containerPortal = C2B27F0C2B89341000D0B58B /* Project object */;
			proxyType = 1;
			remoteGlobalIDString = C2B27F132B89341100D0B58B;
			remoteInfo = OnlineShop;
		};
/* End PBXContainerItemProxy section */

/* Begin PBXFileReference section */
		0289E1662B964E3A0005C21E /* FilaProducto.swift */ = {isa = PBXFileReference; lastKnownFileType = sourcecode.swift; path = FilaProducto.swift; sourceTree = "<group>"; };
		02D6347E2B9F862900E412C5 /* CuentaUsuario.swift */ = {isa = PBXFileReference; lastKnownFileType = sourcecode.swift; path = CuentaUsuario.swift; sourceTree = "<group>"; };
		02D634802B9F88AF00E412C5 /* CuentaVistaModelo.swift */ = {isa = PBXFileReference; lastKnownFileType = sourcecode.swift; path = CuentaVistaModelo.swift; sourceTree = "<group>"; };
		02D6B3012B8D293600A4D8CA /* NetworkManager.swift */ = {isa = PBXFileReference; lastKnownFileType = sourcecode.swift; path = NetworkManager.swift; sourceTree = "<group>"; };
		02D6B3032B8D29EB00A4D8CA /* WEError.swift */ = {isa = PBXFileReference; lastKnownFileType = sourcecode.swift; path = WEError.swift; sourceTree = "<group>"; };
		C2B27F142B89341100D0B58B /* OnlineShop.app */ = {isa = PBXFileReference; explicitFileType = wrapper.application; includeInIndex = 0; path = OnlineShop.app; sourceTree = BUILT_PRODUCTS_DIR; };
		C2B27F172B89341100D0B58B /* OnlineShopApp.swift */ = {isa = PBXFileReference; lastKnownFileType = sourcecode.swift; path = OnlineShopApp.swift; sourceTree = "<group>"; };
		C2B27F192B89341100D0B58B /* ContentView.swift */ = {isa = PBXFileReference; lastKnownFileType = sourcecode.swift; path = ContentView.swift; sourceTree = "<group>"; };
		C2B27F1B2B89341200D0B58B /* Assets.xcassets */ = {isa = PBXFileReference; lastKnownFileType = folder.assetcatalog; path = Assets.xcassets; sourceTree = "<group>"; };
		C2B27F1E2B89341200D0B58B /* Preview Assets.xcassets */ = {isa = PBXFileReference; lastKnownFileType = folder.assetcatalog; path = "Preview Assets.xcassets"; sourceTree = "<group>"; };
		C2B27F242B89341200D0B58B /* OnlineShopTests.xctest */ = {isa = PBXFileReference; explicitFileType = wrapper.cfbundle; includeInIndex = 0; path = OnlineShopTests.xctest; sourceTree = BUILT_PRODUCTS_DIR; };
		C2B27F282B89341200D0B58B /* OnlineShopTests.swift */ = {isa = PBXFileReference; lastKnownFileType = sourcecode.swift; path = OnlineShopTests.swift; sourceTree = "<group>"; };
		C2B27F2E2B89341300D0B58B /* OnlineShopUITests.xctest */ = {isa = PBXFileReference; explicitFileType = wrapper.cfbundle; includeInIndex = 0; path = OnlineShopUITests.xctest; sourceTree = BUILT_PRODUCTS_DIR; };
		C2B27F322B89341300D0B58B /* OnlineShopUITests.swift */ = {isa = PBXFileReference; lastKnownFileType = sourcecode.swift; path = OnlineShopUITests.swift; sourceTree = "<group>"; };
		C2B27F342B89341300D0B58B /* OnlineShopUITestsLaunchTests.swift */ = {isa = PBXFileReference; lastKnownFileType = sourcecode.swift; path = OnlineShopUITestsLaunchTests.swift; sourceTree = "<group>"; };
		C2B27F442B8935A400D0B58B /* Producto.swift */ = {isa = PBXFileReference; lastKnownFileType = sourcecode.swift; path = Producto.swift; sourceTree = "<group>"; };
		C2B27F492B89377E00D0B58B /* ProductosVistaModelo.swift */ = {isa = PBXFileReference; lastKnownFileType = sourcecode.swift; path = ProductosVistaModelo.swift; sourceTree = "<group>"; };
		C2C833C72B9F81B700852B9A /* GoogleService-Info.plist */ = {isa = PBXFileReference; fileEncoding = 4; lastKnownFileType = text.plist.xml; path = "GoogleService-Info.plist"; sourceTree = "<group>"; };
		C2F37C1A2B96460500CAB6D0 /* CasaCompraVenta.swift */ = {isa = PBXFileReference; fileEncoding = 4; lastKnownFileType = sourcecode.swift; path = CasaCompraVenta.swift; sourceTree = "<group>"; };
		C2F37C1C2B96464600CAB6D0 /* VistaCuenta.swift */ = {isa = PBXFileReference; fileEncoding = 4; lastKnownFileType = sourcecode.swift; path = VistaCuenta.swift; sourceTree = "<group>"; };
		C2F37C1E2B96469900CAB6D0 /* CarritoCompra.swift */ = {isa = PBXFileReference; lastKnownFileType = sourcecode.swift; path = CarritoCompra.swift; sourceTree = "<group>"; };
/* End PBXFileReference section */

/* Begin PBXFrameworksBuildPhase section */
		C2B27F112B89341100D0B58B /* Frameworks */ = {
			isa = PBXFrameworksBuildPhase;
			buildActionMask = 2147483647;
			files = (
			);
			runOnlyForDeploymentPostprocessing = 0;
		};
		C2B27F212B89341200D0B58B /* Frameworks */ = {
			isa = PBXFrameworksBuildPhase;
			buildActionMask = 2147483647;
			files = (
			);
			runOnlyForDeploymentPostprocessing = 0;
		};
		C2B27F2B2B89341300D0B58B /* Frameworks */ = {
			isa = PBXFrameworksBuildPhase;
			buildActionMask = 2147483647;
			files = (
			);
			runOnlyForDeploymentPostprocessing = 0;
		};
/* End PBXFrameworksBuildPhase section */

/* Begin PBXGroup section */
		C2B27F0B2B89341000D0B58B = {
			isa = PBXGroup;
			children = (
				C2B27F162B89341100D0B58B /* OnlineShop */,
				C2B27F272B89341200D0B58B /* OnlineShopTests */,
				C2B27F312B89341300D0B58B /* OnlineShopUITests */,
				C2B27F152B89341100D0B58B /* Products */,
			);
			sourceTree = "<group>";
		};
		C2B27F152B89341100D0B58B /* Products */ = {
			isa = PBXGroup;
			children = (
				C2B27F142B89341100D0B58B /* OnlineShop.app */,
				C2B27F242B89341200D0B58B /* OnlineShopTests.xctest */,
				C2B27F2E2B89341300D0B58B /* OnlineShopUITests.xctest */,
			);
			name = Products;
			sourceTree = "<group>";
		};
		C2B27F162B89341100D0B58B /* OnlineShop */ = {
			isa = PBXGroup;
			children = (
				C2B27F462B89370000D0B58B /* Utilities */,
				C2B27F432B89347E00D0B58B /* Modelos */,
				C2B27F422B89347600D0B58B /* VistasModelos */,
				C2B27F412B89347000D0B58B /* Vistas */,
				C2B27F1B2B89341200D0B58B /* Assets.xcassets */,
				C2C833C72B9F81B700852B9A /* GoogleService-Info.plist */,
				C2B27F1D2B89341200D0B58B /* Preview Content */,
			);
			path = OnlineShop;
			sourceTree = "<group>";
		};
		C2B27F1D2B89341200D0B58B /* Preview Content */ = {
			isa = PBXGroup;
			children = (
				C2B27F1E2B89341200D0B58B /* Preview Assets.xcassets */,
			);
			path = "Preview Content";
			sourceTree = "<group>";
		};
		C2B27F272B89341200D0B58B /* OnlineShopTests */ = {
			isa = PBXGroup;
			children = (
				C2B27F282B89341200D0B58B /* OnlineShopTests.swift */,
			);
			path = OnlineShopTests;
			sourceTree = "<group>";
		};
		C2B27F312B89341300D0B58B /* OnlineShopUITests */ = {
			isa = PBXGroup;
			children = (
				C2B27F322B89341300D0B58B /* OnlineShopUITests.swift */,
				C2B27F342B89341300D0B58B /* OnlineShopUITestsLaunchTests.swift */,
			);
			path = OnlineShopUITests;
			sourceTree = "<group>";
		};
		C2B27F412B89347000D0B58B /* Vistas */ = {
			isa = PBXGroup;
			children = (
				C2F37C1C2B96464600CAB6D0 /* VistaCuenta.swift */,
				C2F37C1A2B96460500CAB6D0 /* CasaCompraVenta.swift */,
				C2B27F172B89341100D0B58B /* OnlineShopApp.swift */,
				C2B27F192B89341100D0B58B /* ContentView.swift */,
				C2F37C1E2B96469900CAB6D0 /* CarritoCompra.swift */,
				0289E1662B964E3A0005C21E /* FilaProducto.swift */,
			);
			path = Vistas;
			sourceTree = "<group>";
		};
		C2B27F422B89347600D0B58B /* VistasModelos */ = {
			isa = PBXGroup;
			children = (
				C2B27F492B89377E00D0B58B /* ProductosVistaModelo.swift */,
				02D634802B9F88AF00E412C5 /* CuentaVistaModelo.swift */,
			);
			path = VistasModelos;
			sourceTree = "<group>";
		};
		C2B27F432B89347E00D0B58B /* Modelos */ = {
			isa = PBXGroup;
			children = (
				C2B27F442B8935A400D0B58B /* Producto.swift */,
				02D6B3032B8D29EB00A4D8CA /* WEError.swift */,
				02D6347E2B9F862900E412C5 /* CuentaUsuario.swift */,
			);
			path = Modelos;
			sourceTree = "<group>";
		};
		C2B27F462B89370000D0B58B /* Utilities */ = {
			isa = PBXGroup;
			children = (
				02D6B3012B8D293600A4D8CA /* NetworkManager.swift */,
			);
			path = Utilities;
			sourceTree = "<group>";
		};
/* End PBXGroup section */

/* Begin PBXNativeTarget section */
		C2B27F132B89341100D0B58B /* OnlineShop */ = {
			isa = PBXNativeTarget;
			buildConfigurationList = C2B27F382B89341300D0B58B /* Build configuration list for PBXNativeTarget "OnlineShop" */;
			buildPhases = (
				C2B27F102B89341100D0B58B /* Sources */,
				C2B27F112B89341100D0B58B /* Frameworks */,
				C2B27F122B89341100D0B58B /* Resources */,
			);
			buildRules = (
			);
			dependencies = (
			);
			name = OnlineShop;
			productName = OnlineShop;
			productReference = C2B27F142B89341100D0B58B /* OnlineShop.app */;
			productType = "com.apple.product-type.application";
		};
		C2B27F232B89341200D0B58B /* OnlineShopTests */ = {
			isa = PBXNativeTarget;
			buildConfigurationList = C2B27F3B2B89341300D0B58B /* Build configuration list for PBXNativeTarget "OnlineShopTests" */;
			buildPhases = (
				C2B27F202B89341200D0B58B /* Sources */,
				C2B27F212B89341200D0B58B /* Frameworks */,
				C2B27F222B89341200D0B58B /* Resources */,
			);
			buildRules = (
			);
			dependencies = (
				C2B27F262B89341200D0B58B /* PBXTargetDependency */,
			);
			name = OnlineShopTests;
			productName = OnlineShopTests;
			productReference = C2B27F242B89341200D0B58B /* OnlineShopTests.xctest */;
			productType = "com.apple.product-type.bundle.unit-test";
		};
		C2B27F2D2B89341300D0B58B /* OnlineShopUITests */ = {
			isa = PBXNativeTarget;
			buildConfigurationList = C2B27F3E2B89341300D0B58B /* Build configuration list for PBXNativeTarget "OnlineShopUITests" */;
			buildPhases = (
				C2B27F2A2B89341300D0B58B /* Sources */,
				C2B27F2B2B89341300D0B58B /* Frameworks */,
				C2B27F2C2B89341300D0B58B /* Resources */,
			);
			buildRules = (
			);
			dependencies = (
				C2B27F302B89341300D0B58B /* PBXTargetDependency */,
			);
			name = OnlineShopUITests;
			productName = OnlineShopUITests;
			productReference = C2B27F2E2B89341300D0B58B /* OnlineShopUITests.xctest */;
			productType = "com.apple.product-type.bundle.ui-testing";
		};
/* End PBXNativeTarget section */

/* Begin PBXProject section */
		C2B27F0C2B89341000D0B58B /* Project object */ = {
			isa = PBXProject;
			attributes = {
				BuildIndependentTargetsInParallel = 1;
				LastSwiftUpdateCheck = 1500;
				LastUpgradeCheck = 1500;
				TargetAttributes = {
					C2B27F132B89341100D0B58B = {
						CreatedOnToolsVersion = 15.0.1;
					};
					C2B27F232B89341200D0B58B = {
						CreatedOnToolsVersion = 15.0.1;
						TestTargetID = C2B27F132B89341100D0B58B;
					};
					C2B27F2D2B89341300D0B58B = {
						CreatedOnToolsVersion = 15.0.1;
						TestTargetID = C2B27F132B89341100D0B58B;
					};
				};
			};
			buildConfigurationList = C2B27F0F2B89341000D0B58B /* Build configuration list for PBXProject "OnlineShop" */;
			compatibilityVersion = "Xcode 14.0";
			developmentRegion = en;
			hasScannedForEncodings = 0;
			knownRegions = (
				en,
				Base,
			);
			mainGroup = C2B27F0B2B89341000D0B58B;
			packageReferences = (
				C2C833C92B9F82CF00852B9A /* XCRemoteSwiftPackageReference "firebase-ios-sdk" */,
			);
			productRefGroup = C2B27F152B89341100D0B58B /* Products */;
			projectDirPath = "";
			projectRoot = "";
			targets = (
				C2B27F132B89341100D0B58B /* OnlineShop */,
				C2B27F232B89341200D0B58B /* OnlineShopTests */,
				C2B27F2D2B89341300D0B58B /* OnlineShopUITests */,
			);
		};
/* End PBXProject section */

/* Begin PBXResourcesBuildPhase section */
		C2B27F122B89341100D0B58B /* Resources */ = {
			isa = PBXResourcesBuildPhase;
			buildActionMask = 2147483647;
			files = (
				C2B27F1F2B89341200D0B58B /* Preview Assets.xcassets in Resources */,
				C2B27F1C2B89341200D0B58B /* Assets.xcassets in Resources */,
				C2C833C82B9F81B700852B9A /* GoogleService-Info.plist in Resources */,
			);
			runOnlyForDeploymentPostprocessing = 0;
		};
		C2B27F222B89341200D0B58B /* Resources */ = {
			isa = PBXResourcesBuildPhase;
			buildActionMask = 2147483647;
			files = (
			);
			runOnlyForDeploymentPostprocessing = 0;
		};
		C2B27F2C2B89341300D0B58B /* Resources */ = {
			isa = PBXResourcesBuildPhase;
			buildActionMask = 2147483647;
			files = (
			);
			runOnlyForDeploymentPostprocessing = 0;
		};
/* End PBXResourcesBuildPhase section */

/* Begin PBXSourcesBuildPhase section */
		C2B27F102B89341100D0B58B /* Sources */ = {
			isa = PBXSourcesBuildPhase;
			buildActionMask = 2147483647;
			files = (
				C2F37C1B2B96460500CAB6D0 /* CasaCompraVenta.swift in Sources */,
				0289E1672B964E3A0005C21E /* FilaProducto.swift in Sources */,
				02D6B3042B8D29EB00A4D8CA /* WEError.swift in Sources */,
				C2F37C1F2B96469A00CAB6D0 /* CarritoCompra.swift in Sources */,
				02D6B3022B8D293600A4D8CA /* NetworkManager.swift in Sources */,
				02D6347F2B9F862900E412C5 /* CuentaUsuario.swift in Sources */,
				C2B27F452B8935A400D0B58B /* Producto.swift in Sources */,
				C2B27F4A2B89377F00D0B58B /* ProductosVistaModelo.swift in Sources */,
				C2B27F1A2B89341100D0B58B /* ContentView.swift in Sources */,
				02D634812B9F88AF00E412C5 /* CuentaVistaModelo.swift in Sources */,
				C2B27F182B89341100D0B58B /* OnlineShopApp.swift in Sources */,
				C2F37C1D2B96464600CAB6D0 /* VistaCuenta.swift in Sources */,
			);
			runOnlyForDeploymentPostprocessing = 0;
		};
		C2B27F202B89341200D0B58B /* Sources */ = {
			isa = PBXSourcesBuildPhase;
			buildActionMask = 2147483647;
			files = (
				C2B27F292B89341200D0B58B /* OnlineShopTests.swift in Sources */,
			);
			runOnlyForDeploymentPostprocessing = 0;
		};
		C2B27F2A2B89341300D0B58B /* Sources */ = {
			isa = PBXSourcesBuildPhase;
			buildActionMask = 2147483647;
			files = (
				C2B27F332B89341300D0B58B /* OnlineShopUITests.swift in Sources */,
				C2B27F352B89341300D0B58B /* OnlineShopUITestsLaunchTests.swift in Sources */,
			);
			runOnlyForDeploymentPostprocessing = 0;
		};
/* End PBXSourcesBuildPhase section */

/* Begin PBXTargetDependency section */
		C2B27F262B89341200D0B58B /* PBXTargetDependency */ = {
			isa = PBXTargetDependency;
			target = C2B27F132B89341100D0B58B /* OnlineShop */;
			targetProxy = C2B27F252B89341200D0B58B /* PBXContainerItemProxy */;
		};
		C2B27F302B89341300D0B58B /* PBXTargetDependency */ = {
			isa = PBXTargetDependency;
			target = C2B27F132B89341100D0B58B /* OnlineShop */;
			targetProxy = C2B27F2F2B89341300D0B58B /* PBXContainerItemProxy */;
		};
/* End PBXTargetDependency section */

/* Begin XCBuildConfiguration section */
		C2B27F362B89341300D0B58B /* Debug */ = {
			isa = XCBuildConfiguration;
			buildSettings = {
				ALWAYS_SEARCH_USER_PATHS = NO;
				ASSETCATALOG_COMPILER_GENERATE_SWIFT_ASSET_SYMBOL_EXTENSIONS = YES;
				CLANG_ANALYZER_NONNULL = YES;
				CLANG_ANALYZER_NUMBER_OBJECT_CONVERSION = YES_AGGRESSIVE;
				CLANG_CXX_LANGUAGE_STANDARD = "gnu++20";
				CLANG_ENABLE_MODULES = YES;
				CLANG_ENABLE_OBJC_ARC = YES;
				CLANG_ENABLE_OBJC_WEAK = YES;
				CLANG_WARN_BLOCK_CAPTURE_AUTORELEASING = YES;
				CLANG_WARN_BOOL_CONVERSION = YES;
				CLANG_WARN_COMMA = YES;
				CLANG_WARN_CONSTANT_CONVERSION = YES;
				CLANG_WARN_DEPRECATED_OBJC_IMPLEMENTATIONS = YES;
				CLANG_WARN_DIRECT_OBJC_ISA_USAGE = YES_ERROR;
				CLANG_WARN_DOCUMENTATION_COMMENTS = YES;
				CLANG_WARN_EMPTY_BODY = YES;
				CLANG_WARN_ENUM_CONVERSION = YES;
				CLANG_WARN_INFINITE_RECURSION = YES;
				CLANG_WARN_INT_CONVERSION = YES;
				CLANG_WARN_NON_LITERAL_NULL_CONVERSION = YES;
				CLANG_WARN_OBJC_IMPLICIT_RETAIN_SELF = YES;
				CLANG_WARN_OBJC_LITERAL_CONVERSION = YES;
				CLANG_WARN_OBJC_ROOT_CLASS = YES_ERROR;
				CLANG_WARN_QUOTED_INCLUDE_IN_FRAMEWORK_HEADER = YES;
				CLANG_WARN_RANGE_LOOP_ANALYSIS = YES;
				CLANG_WARN_STRICT_PROTOTYPES = YES;
				CLANG_WARN_SUSPICIOUS_MOVE = YES;
				CLANG_WARN_UNGUARDED_AVAILABILITY = YES_AGGRESSIVE;
				CLANG_WARN_UNREACHABLE_CODE = YES;
				CLANG_WARN__DUPLICATE_METHOD_MATCH = YES;
				COPY_PHASE_STRIP = NO;
				DEBUG_INFORMATION_FORMAT = dwarf;
				ENABLE_STRICT_OBJC_MSGSEND = YES;
				ENABLE_TESTABILITY = YES;
				ENABLE_USER_SCRIPT_SANDBOXING = YES;
				GCC_C_LANGUAGE_STANDARD = gnu17;
				GCC_DYNAMIC_NO_PIC = NO;
				GCC_NO_COMMON_BLOCKS = YES;
				GCC_OPTIMIZATION_LEVEL = 0;
				GCC_PREPROCESSOR_DEFINITIONS = (
					"DEBUG=1",
					"$(inherited)",
				);
				GCC_WARN_64_TO_32_BIT_CONVERSION = YES;
				GCC_WARN_ABOUT_RETURN_TYPE = YES_ERROR;
				GCC_WARN_UNDECLARED_SELECTOR = YES;
				GCC_WARN_UNINITIALIZED_AUTOS = YES_AGGRESSIVE;
				GCC_WARN_UNUSED_FUNCTION = YES;
				GCC_WARN_UNUSED_VARIABLE = YES;
				IPHONEOS_DEPLOYMENT_TARGET = 17.0;
				LOCALIZATION_PREFERS_STRING_CATALOGS = YES;
				MTL_ENABLE_DEBUG_INFO = INCLUDE_SOURCE;
				MTL_FAST_MATH = YES;
				ONLY_ACTIVE_ARCH = YES;
				SDKROOT = iphoneos;
				SWIFT_ACTIVE_COMPILATION_CONDITIONS = "DEBUG $(inherited)";
				SWIFT_OPTIMIZATION_LEVEL = "-Onone";
			};
			name = Debug;
		};
		C2B27F372B89341300D0B58B /* Release */ = {
			isa = XCBuildConfiguration;
			buildSettings = {
				ALWAYS_SEARCH_USER_PATHS = NO;
				ASSETCATALOG_COMPILER_GENERATE_SWIFT_ASSET_SYMBOL_EXTENSIONS = YES;
				CLANG_ANALYZER_NONNULL = YES;
				CLANG_ANALYZER_NUMBER_OBJECT_CONVERSION = YES_AGGRESSIVE;
				CLANG_CXX_LANGUAGE_STANDARD = "gnu++20";
				CLANG_ENABLE_MODULES = YES;
				CLANG_ENABLE_OBJC_ARC = YES;
				CLANG_ENABLE_OBJC_WEAK = YES;
				CLANG_WARN_BLOCK_CAPTURE_AUTORELEASING = YES;
				CLANG_WARN_BOOL_CONVERSION = YES;
				CLANG_WARN_COMMA = YES;
				CLANG_WARN_CONSTANT_CONVERSION = YES;
				CLANG_WARN_DEPRECATED_OBJC_IMPLEMENTATIONS = YES;
				CLANG_WARN_DIRECT_OBJC_ISA_USAGE = YES_ERROR;
				CLANG_WARN_DOCUMENTATION_COMMENTS = YES;
				CLANG_WARN_EMPTY_BODY = YES;
				CLANG_WARN_ENUM_CONVERSION = YES;
				CLANG_WARN_INFINITE_RECURSION = YES;
				CLANG_WARN_INT_CONVERSION = YES;
				CLANG_WARN_NON_LITERAL_NULL_CONVERSION = YES;
				CLANG_WARN_OBJC_IMPLICIT_RETAIN_SELF = YES;
				CLANG_WARN_OBJC_LITERAL_CONVERSION = YES;
				CLANG_WARN_OBJC_ROOT_CLASS = YES_ERROR;
				CLANG_WARN_QUOTED_INCLUDE_IN_FRAMEWORK_HEADER = YES;
				CLANG_WARN_RANGE_LOOP_ANALYSIS = YES;
				CLANG_WARN_STRICT_PROTOTYPES = YES;
				CLANG_WARN_SUSPICIOUS_MOVE = YES;
				CLANG_WARN_UNGUARDED_AVAILABILITY = YES_AGGRESSIVE;
				CLANG_WARN_UNREACHABLE_CODE = YES;
				CLANG_WARN__DUPLICATE_METHOD_MATCH = YES;
				COPY_PHASE_STRIP = NO;
				DEBUG_INFORMATION_FORMAT = "dwarf-with-dsym";
				ENABLE_NS_ASSERTIONS = NO;
				ENABLE_STRICT_OBJC_MSGSEND = YES;
				ENABLE_USER_SCRIPT_SANDBOXING = YES;
				GCC_C_LANGUAGE_STANDARD = gnu17;
				GCC_NO_COMMON_BLOCKS = YES;
				GCC_WARN_64_TO_32_BIT_CONVERSION = YES;
				GCC_WARN_ABOUT_RETURN_TYPE = YES_ERROR;
				GCC_WARN_UNDECLARED_SELECTOR = YES;
				GCC_WARN_UNINITIALIZED_AUTOS = YES_AGGRESSIVE;
				GCC_WARN_UNUSED_FUNCTION = YES;
				GCC_WARN_UNUSED_VARIABLE = YES;
				IPHONEOS_DEPLOYMENT_TARGET = 17.0;
				LOCALIZATION_PREFERS_STRING_CATALOGS = YES;
				MTL_ENABLE_DEBUG_INFO = NO;
				MTL_FAST_MATH = YES;
				SDKROOT = iphoneos;
				SWIFT_COMPILATION_MODE = wholemodule;
				VALIDATE_PRODUCT = YES;
			};
			name = Release;
		};
		C2B27F392B89341300D0B58B /* Debug */ = {
			isa = XCBuildConfiguration;
			buildSettings = {
				ASSETCATALOG_COMPILER_APPICON_NAME = AppIcon;
				ASSETCATALOG_COMPILER_GLOBAL_ACCENT_COLOR_NAME = AccentColor;
				CODE_SIGN_STYLE = Automatic;
				CURRENT_PROJECT_VERSION = 1;
				DEVELOPMENT_ASSET_PATHS = "\"OnlineShop/Preview Content\"";
				ENABLE_PREVIEWS = YES;
				GENERATE_INFOPLIST_FILE = YES;
				INFOPLIST_KEY_UIApplicationSceneManifest_Generation = YES;
				INFOPLIST_KEY_UIApplicationSupportsIndirectInputEvents = YES;
				INFOPLIST_KEY_UILaunchScreen_Generation = YES;
				INFOPLIST_KEY_UISupportedInterfaceOrientations_iPad = "UIInterfaceOrientationPortrait UIInterfaceOrientationPortraitUpsideDown UIInterfaceOrientationLandscapeLeft UIInterfaceOrientationLandscapeRight";
				INFOPLIST_KEY_UISupportedInterfaceOrientations_iPhone = "UIInterfaceOrientationPortrait UIInterfaceOrientationLandscapeLeft UIInterfaceOrientationLandscapeRight";
				LD_RUNPATH_SEARCH_PATHS = (
					"$(inherited)",
					"@executable_path/Frameworks",
				);
				MARKETING_VERSION = 1.0;
				PRODUCT_BUNDLE_IDENTIFIER = org.OnlineShop;
				PRODUCT_NAME = "$(TARGET_NAME)";
				SWIFT_EMIT_LOC_STRINGS = YES;
				SWIFT_VERSION = 5.0;
				TARGETED_DEVICE_FAMILY = "1,2";
			};
			name = Debug;
		};
		C2B27F3A2B89341300D0B58B /* Release */ = {
			isa = XCBuildConfiguration;
			buildSettings = {
				ASSETCATALOG_COMPILER_APPICON_NAME = AppIcon;
				ASSETCATALOG_COMPILER_GLOBAL_ACCENT_COLOR_NAME = AccentColor;
				CODE_SIGN_STYLE = Automatic;
				CURRENT_PROJECT_VERSION = 1;
				DEVELOPMENT_ASSET_PATHS = "\"OnlineShop/Preview Content\"";
				ENABLE_PREVIEWS = YES;
				GENERATE_INFOPLIST_FILE = YES;
				INFOPLIST_KEY_UIApplicationSceneManifest_Generation = YES;
				INFOPLIST_KEY_UIApplicationSupportsIndirectInputEvents = YES;
				INFOPLIST_KEY_UILaunchScreen_Generation = YES;
				INFOPLIST_KEY_UISupportedInterfaceOrientations_iPad = "UIInterfaceOrientationPortrait UIInterfaceOrientationPortraitUpsideDown UIInterfaceOrientationLandscapeLeft UIInterfaceOrientationLandscapeRight";
				INFOPLIST_KEY_UISupportedInterfaceOrientations_iPhone = "UIInterfaceOrientationPortrait UIInterfaceOrientationLandscapeLeft UIInterfaceOrientationLandscapeRight";
				LD_RUNPATH_SEARCH_PATHS = (
					"$(inherited)",
					"@executable_path/Frameworks",
				);
				MARKETING_VERSION = 1.0;
				PRODUCT_BUNDLE_IDENTIFIER = org.OnlineShop;
				PRODUCT_NAME = "$(TARGET_NAME)";
				SWIFT_EMIT_LOC_STRINGS = YES;
				SWIFT_VERSION = 5.0;
				TARGETED_DEVICE_FAMILY = "1,2";
			};
			name = Release;
		};
		C2B27F3C2B89341300D0B58B /* Debug */ = {
			isa = XCBuildConfiguration;
			buildSettings = {
				ALWAYS_EMBED_SWIFT_STANDARD_LIBRARIES = YES;
				BUNDLE_LOADER = "$(TEST_HOST)";
				CODE_SIGN_STYLE = Automatic;
				CURRENT_PROJECT_VERSION = 1;
				GENERATE_INFOPLIST_FILE = YES;
				IPHONEOS_DEPLOYMENT_TARGET = 17.0;
				MARKETING_VERSION = 1.0;
				PRODUCT_BUNDLE_IDENTIFIER = org.egibide.pmdm.OnlineShopTests;
				PRODUCT_NAME = "$(TARGET_NAME)";
				SWIFT_EMIT_LOC_STRINGS = NO;
				SWIFT_VERSION = 5.0;
				TARGETED_DEVICE_FAMILY = "1,2";
				TEST_HOST = "$(BUILT_PRODUCTS_DIR)/OnlineShop.app/$(BUNDLE_EXECUTABLE_FOLDER_PATH)/OnlineShop";
			};
			name = Debug;
		};
		C2B27F3D2B89341300D0B58B /* Release */ = {
			isa = XCBuildConfiguration;
			buildSettings = {
				ALWAYS_EMBED_SWIFT_STANDARD_LIBRARIES = YES;
				BUNDLE_LOADER = "$(TEST_HOST)";
				CODE_SIGN_STYLE = Automatic;
				CURRENT_PROJECT_VERSION = 1;
				GENERATE_INFOPLIST_FILE = YES;
				IPHONEOS_DEPLOYMENT_TARGET = 17.0;
				MARKETING_VERSION = 1.0;
				PRODUCT_BUNDLE_IDENTIFIER = org.egibide.pmdm.OnlineShopTests;
				PRODUCT_NAME = "$(TARGET_NAME)";
				SWIFT_EMIT_LOC_STRINGS = NO;
				SWIFT_VERSION = 5.0;
				TARGETED_DEVICE_FAMILY = "1,2";
				TEST_HOST = "$(BUILT_PRODUCTS_DIR)/OnlineShop.app/$(BUNDLE_EXECUTABLE_FOLDER_PATH)/OnlineShop";
			};
			name = Release;
		};
		C2B27F3F2B89341300D0B58B /* Debug */ = {
			isa = XCBuildConfiguration;
			buildSettings = {
				ALWAYS_EMBED_SWIFT_STANDARD_LIBRARIES = YES;
				CODE_SIGN_STYLE = Automatic;
				CURRENT_PROJECT_VERSION = 1;
				GENERATE_INFOPLIST_FILE = YES;
				MARKETING_VERSION = 1.0;
				PRODUCT_BUNDLE_IDENTIFIER = org.egibide.pmdm.OnlineShopUITests;
				PRODUCT_NAME = "$(TARGET_NAME)";
				SWIFT_EMIT_LOC_STRINGS = NO;
				SWIFT_VERSION = 5.0;
				TARGETED_DEVICE_FAMILY = "1,2";
				TEST_TARGET_NAME = OnlineShop;
			};
			name = Debug;
		};
		C2B27F402B89341300D0B58B /* Release */ = {
			isa = XCBuildConfiguration;
			buildSettings = {
				ALWAYS_EMBED_SWIFT_STANDARD_LIBRARIES = YES;
				CODE_SIGN_STYLE = Automatic;
				CURRENT_PROJECT_VERSION = 1;
				GENERATE_INFOPLIST_FILE = YES;
				MARKETING_VERSION = 1.0;
				PRODUCT_BUNDLE_IDENTIFIER = org.egibide.pmdm.OnlineShopUITests;
				PRODUCT_NAME = "$(TARGET_NAME)";
				SWIFT_EMIT_LOC_STRINGS = NO;
				SWIFT_VERSION = 5.0;
				TARGETED_DEVICE_FAMILY = "1,2";
				TEST_TARGET_NAME = OnlineShop;
			};
			name = Release;
		};
/* End XCBuildConfiguration section */

/* Begin XCConfigurationList section */
		C2B27F0F2B89341000D0B58B /* Build configuration list for PBXProject "OnlineShop" */ = {
			isa = XCConfigurationList;
			buildConfigurations = (
				C2B27F362B89341300D0B58B /* Debug */,
				C2B27F372B89341300D0B58B /* Release */,
			);
			defaultConfigurationIsVisible = 0;
			defaultConfigurationName = Release;
		};
		C2B27F382B89341300D0B58B /* Build configuration list for PBXNativeTarget "OnlineShop" */ = {
			isa = XCConfigurationList;
			buildConfigurations = (
				C2B27F392B89341300D0B58B /* Debug */,
				C2B27F3A2B89341300D0B58B /* Release */,
			);
			defaultConfigurationIsVisible = 0;
			defaultConfigurationName = Release;
		};
		C2B27F3B2B89341300D0B58B /* Build configuration list for PBXNativeTarget "OnlineShopTests" */ = {
			isa = XCConfigurationList;
			buildConfigurations = (
				C2B27F3C2B89341300D0B58B /* Debug */,
				C2B27F3D2B89341300D0B58B /* Release */,
			);
			defaultConfigurationIsVisible = 0;
			defaultConfigurationName = Release;
		};
		C2B27F3E2B89341300D0B58B /* Build configuration list for PBXNativeTarget "OnlineShopUITests" */ = {
			isa = XCConfigurationList;
			buildConfigurations = (
				C2B27F3F2B89341300D0B58B /* Debug */,
				C2B27F402B89341300D0B58B /* Release */,
			);
			defaultConfigurationIsVisible = 0;
			defaultConfigurationName = Release;
		};
/* End XCConfigurationList section */

/* Begin XCRemoteSwiftPackageReference section */
		C2C833C92B9F82CF00852B9A /* XCRemoteSwiftPackageReference "firebase-ios-sdk" */ = {
			isa = XCRemoteSwiftPackageReference;
			repositoryURL = "https://github.com/firebase/firebase-ios-sdk";
			requirement = {
				kind = upToNextMajorVersion;
				minimumVersion = 10.22.1;
			};
		};
/* End XCRemoteSwiftPackageReference section */
	};
	rootObject = C2B27F0C2B89341000D0B58B /* Project object */;
}
